
Microsoft Visual Studio Solution File, Format Version 12.00
# Visual Studio 15
VisualStudioVersion = 15.0.27428.2027
MinimumVisualStudioVersion = 10.0.40219.1
Project("{FAE04EC0-301F-11D3-BF4B-00C04F79EFBC}") = "ExtraövningarPandor", "ExtraövningarPandor\ExtraövningarPandor.csproj", "{7673D0B3-1C1F-424C-AFDB-AF3D1695B805}"
EndProject
Global
	GlobalSection(SolutionConfigurationPlatforms) = preSolution
		Debug|Any CPU = Debug|Any CPU
		Release|Any CPU = Release|Any CPU
	EndGlobalSection
	GlobalSection(ProjectConfigurationPlatforms) = postSolution
		{7673D0B3-1C1F-424C-AFDB-AF3D1695B805}.Debug|Any CPU.ActiveCfg = Debug|Any CPU
		{7673D0B3-1C1F-424C-AFDB-AF3D1695B805}.Debug|Any CPU.Build.0 = Debug|Any CPU
		{7673D0B3-1C1F-424C-AFDB-AF3D1695B805}.Release|Any CPU.ActiveCfg = Release|Any CPU
		{7673D0B3-1C1F-424C-AFDB-AF3D1695B805}.Release|Any CPU.Build.0 = Release|Any CPU
	EndGlobalSection
	GlobalSection(SolutionProperties) = preSolution
		HideSolutionNode = FALSE
	EndGlobalSection
	GlobalSection(ExtensibilityGlobals) = postSolution
		SolutionGuid = {C79675EE-A505-4BF5-A3CC-E1BF50DBBEC0}
	EndGlobalSection
EndGlobal
