
Microsoft Visual Studio Solution File, Format Version 12.00
# Visual Studio 15
VisualStudioVersion = 15.0.28307.106
MinimumVisualStudioVersion = 10.0.40219.1
Project("{FAE04EC0-301F-11D3-BF4B-00C04F79EFBC}") = "testalitestuffinförjobb", "testalitestuffinförjobb\testalitestuffinförjobb.csproj", "{362B378A-283E-4BBE-946D-DDF67D6ADE44}"
EndProject
Global
	GlobalSection(SolutionConfigurationPlatforms) = preSolution
		Debug|Any CPU = Debug|Any CPU
		Release|Any CPU = Release|Any CPU
	EndGlobalSection
	GlobalSection(ProjectConfigurationPlatforms) = postSolution
		{362B378A-283E-4BBE-946D-DDF67D6ADE44}.Debug|Any CPU.ActiveCfg = Debug|Any CPU
		{362B378A-283E-4BBE-946D-DDF67D6ADE44}.Debug|Any CPU.Build.0 = Debug|Any CPU
		{362B378A-283E-4BBE-946D-DDF67D6ADE44}.Release|Any CPU.ActiveCfg = Release|Any CPU
		{362B378A-283E-4BBE-946D-DDF67D6ADE44}.Release|Any CPU.Build.0 = Release|Any CPU
	EndGlobalSection
	GlobalSection(SolutionProperties) = preSolution
		HideSolutionNode = FALSE
	EndGlobalSection
	GlobalSection(ExtensibilityGlobals) = postSolution
		SolutionGuid = {6F0BCB84-96CD-49B5-AAFC-8D13DF546B0D}
	EndGlobalSection
EndGlobal
