
Microsoft Visual Studio Solution File, Format Version 12.00
# Visual Studio 15
VisualStudioVersion = 15.0.27428.2027
MinimumVisualStudioVersion = 10.0.40219.1
Project("{FAE04EC0-301F-11D3-BF4B-00C04F79EFBC}") = "CheckPoint2i", "CheckPoint2i\CheckPoint2i.csproj", "{3288DC85-E67E-4398-B589-EF2BB733E958}"
EndProject
Global
	GlobalSection(SolutionConfigurationPlatforms) = preSolution
		Debug|Any CPU = Debug|Any CPU
		Release|Any CPU = Release|Any CPU
	EndGlobalSection
	GlobalSection(ProjectConfigurationPlatforms) = postSolution
		{3288DC85-E67E-4398-B589-EF2BB733E958}.Debug|Any CPU.ActiveCfg = Debug|Any CPU
		{3288DC85-E67E-4398-B589-EF2BB733E958}.Debug|Any CPU.Build.0 = Debug|Any CPU
		{3288DC85-E67E-4398-B589-EF2BB733E958}.Release|Any CPU.ActiveCfg = Release|Any CPU
		{3288DC85-E67E-4398-B589-EF2BB733E958}.Release|Any CPU.Build.0 = Release|Any CPU
	EndGlobalSection
	GlobalSection(SolutionProperties) = preSolution
		HideSolutionNode = FALSE
	EndGlobalSection
	GlobalSection(ExtensibilityGlobals) = postSolution
		SolutionGuid = {F480A147-6717-430A-BC6D-1EAD24D774BD}
	EndGlobalSection
EndGlobal
