
Microsoft Visual Studio Solution File, Format Version 12.00
# Visual Studio 15
VisualStudioVersion = 15.0.27428.2027
MinimumVisualStudioVersion = 10.0.40219.1
Project("{FAE04EC0-301F-11D3-BF4B-00C04F79EFBC}") = "Pandor", "Pandor\Pandor.csproj", "{EAEDAA3C-DD00-4D1F-8027-7B75688273E6}"
EndProject
Global
	GlobalSection(SolutionConfigurationPlatforms) = preSolution
		Debug|Any CPU = Debug|Any CPU
		Release|Any CPU = Release|Any CPU
	EndGlobalSection
	GlobalSection(ProjectConfigurationPlatforms) = postSolution
		{EAEDAA3C-DD00-4D1F-8027-7B75688273E6}.Debug|Any CPU.ActiveCfg = Debug|Any CPU
		{EAEDAA3C-DD00-4D1F-8027-7B75688273E6}.Debug|Any CPU.Build.0 = Debug|Any CPU
		{EAEDAA3C-DD00-4D1F-8027-7B75688273E6}.Release|Any CPU.ActiveCfg = Release|Any CPU
		{EAEDAA3C-DD00-4D1F-8027-7B75688273E6}.Release|Any CPU.Build.0 = Release|Any CPU
	EndGlobalSection
	GlobalSection(SolutionProperties) = preSolution
		HideSolutionNode = FALSE
	EndGlobalSection
	GlobalSection(ExtensibilityGlobals) = postSolution
		SolutionGuid = {EE6815E6-EDFD-4E00-BC95-7FB29AEB86E5}
	EndGlobalSection
EndGlobal
