
Microsoft Visual Studio Solution File, Format Version 12.00
# Visual Studio 15
VisualStudioVersion = 15.0.27428.2027
MinimumVisualStudioVersion = 10.0.40219.1
Project("{FAE04EC0-301F-11D3-BF4B-00C04F79EFBC}") = "WorkWithListOfCustomersHard", "WorkWithListOfCustomersHard\WorkWithListOfCustomersHard.csproj", "{F1752583-4A61-477F-B6E6-5E8ADA28BCD3}"
EndProject
Project("{2150E333-8FDC-42A3-9474-1A3956D46DE8}") = "Solution Items", "Solution Items", "{68307A2D-6966-430C-83E6-A2F76DDC5312}"
EndProject
Global
	GlobalSection(SolutionConfigurationPlatforms) = preSolution
		Debug|Any CPU = Debug|Any CPU
		Release|Any CPU = Release|Any CPU
	EndGlobalSection
	GlobalSection(ProjectConfigurationPlatforms) = postSolution
		{F1752583-4A61-477F-B6E6-5E8ADA28BCD3}.Debug|Any CPU.ActiveCfg = Debug|Any CPU
		{F1752583-4A61-477F-B6E6-5E8ADA28BCD3}.Debug|Any CPU.Build.0 = Debug|Any CPU
		{F1752583-4A61-477F-B6E6-5E8ADA28BCD3}.Release|Any CPU.ActiveCfg = Release|Any CPU
		{F1752583-4A61-477F-B6E6-5E8ADA28BCD3}.Release|Any CPU.Build.0 = Release|Any CPU
	EndGlobalSection
	GlobalSection(SolutionProperties) = preSolution
		HideSolutionNode = FALSE
	EndGlobalSection
	GlobalSection(ExtensibilityGlobals) = postSolution
		SolutionGuid = {A746B9BE-B0C2-46EC-BC83-8892D7196899}
	EndGlobalSection
EndGlobal
