
Microsoft Visual Studio Solution File, Format Version 12.00
# Visual Studio 15
VisualStudioVersion = 15.0.27428.2027
MinimumVisualStudioVersion = 10.0.40219.1
Project("{FAE04EC0-301F-11D3-BF4B-00C04F79EFBC}") = "shapes7k1", "shapes7k1\shapes7k1.csproj", "{8A2D611F-F6FC-492D-B52A-CB6330C74C5D}"
EndProject
Global
	GlobalSection(SolutionConfigurationPlatforms) = preSolution
		Debug|Any CPU = Debug|Any CPU
		Release|Any CPU = Release|Any CPU
	EndGlobalSection
	GlobalSection(ProjectConfigurationPlatforms) = postSolution
		{8A2D611F-F6FC-492D-B52A-CB6330C74C5D}.Debug|Any CPU.ActiveCfg = Debug|Any CPU
		{8A2D611F-F6FC-492D-B52A-CB6330C74C5D}.Debug|Any CPU.Build.0 = Debug|Any CPU
		{8A2D611F-F6FC-492D-B52A-CB6330C74C5D}.Release|Any CPU.ActiveCfg = Release|Any CPU
		{8A2D611F-F6FC-492D-B52A-CB6330C74C5D}.Release|Any CPU.Build.0 = Release|Any CPU
	EndGlobalSection
	GlobalSection(SolutionProperties) = preSolution
		HideSolutionNode = FALSE
	EndGlobalSection
	GlobalSection(ExtensibilityGlobals) = postSolution
		SolutionGuid = {74AC0C95-3178-442C-9608-F51DFECFB79E}
	EndGlobalSection
EndGlobal
