
Microsoft Visual Studio Solution File, Format Version 12.00
# Visual Studio 15
VisualStudioVersion = 15.0.28010.2016
MinimumVisualStudioVersion = 10.0.40219.1
Project("{FAE04EC0-301F-11D3-BF4B-00C04F79EFBC}") = "CheckPoint5", "CheckPoint5\CheckPoint5.csproj", "{B1914381-4AB2-496F-B3DC-96716F3A9720}"
EndProject
Global
	GlobalSection(SolutionConfigurationPlatforms) = preSolution
		Debug|Any CPU = Debug|Any CPU
		Release|Any CPU = Release|Any CPU
	EndGlobalSection
	GlobalSection(ProjectConfigurationPlatforms) = postSolution
		{B1914381-4AB2-496F-B3DC-96716F3A9720}.Debug|Any CPU.ActiveCfg = Debug|Any CPU
		{B1914381-4AB2-496F-B3DC-96716F3A9720}.Debug|Any CPU.Build.0 = Debug|Any CPU
		{B1914381-4AB2-496F-B3DC-96716F3A9720}.Release|Any CPU.ActiveCfg = Release|Any CPU
		{B1914381-4AB2-496F-B3DC-96716F3A9720}.Release|Any CPU.Build.0 = Release|Any CPU
	EndGlobalSection
	GlobalSection(SolutionProperties) = preSolution
		HideSolutionNode = FALSE
	EndGlobalSection
	GlobalSection(ExtensibilityGlobals) = postSolution
		SolutionGuid = {E9B974DF-D0B5-4542-9E01-DFD5D6F20832}
	EndGlobalSection
EndGlobal
