
Microsoft Visual Studio Solution File, Format Version 12.00
# Visual Studio 15
VisualStudioVersion = 15.0.28307.106
MinimumVisualStudioVersion = 10.0.40219.1
Project("{FAE04EC0-301F-11D3-BF4B-00C04F79EFBC}") = "testaliteonsdag", "testaliteonsdag\testaliteonsdag.csproj", "{5C05617B-01C0-4003-9EC4-E415C8FC22E1}"
EndProject
Global
	GlobalSection(SolutionConfigurationPlatforms) = preSolution
		Debug|Any CPU = Debug|Any CPU
		Release|Any CPU = Release|Any CPU
	EndGlobalSection
	GlobalSection(ProjectConfigurationPlatforms) = postSolution
		{5C05617B-01C0-4003-9EC4-E415C8FC22E1}.Debug|Any CPU.ActiveCfg = Debug|Any CPU
		{5C05617B-01C0-4003-9EC4-E415C8FC22E1}.Debug|Any CPU.Build.0 = Debug|Any CPU
		{5C05617B-01C0-4003-9EC4-E415C8FC22E1}.Release|Any CPU.ActiveCfg = Release|Any CPU
		{5C05617B-01C0-4003-9EC4-E415C8FC22E1}.Release|Any CPU.Build.0 = Release|Any CPU
	EndGlobalSection
	GlobalSection(SolutionProperties) = preSolution
		HideSolutionNode = FALSE
	EndGlobalSection
	GlobalSection(ExtensibilityGlobals) = postSolution
		SolutionGuid = {99B223D9-188A-4F8F-99AB-A3393C663D9C}
	EndGlobalSection
EndGlobal
